
Microsoft Visual Studio Solution File, Format Version 12.00
# Visual Studio Version 17
VisualStudioVersion = 17.9.34701.34
MinimumVisualStudioVersion = 10.0.40219.1
Project("{9A19103F-16F7-4668-BE54-9A1E7A4F7556}") = "lukys-spotdl", "lukys-spotdl.csproj", "{81089744-2601-4040-9200-F8F2D0180AEA}"
EndProject
Global
	GlobalSection(SolutionConfigurationPlatforms) = preSolution
		Debug|Any CPU = Debug|Any CPU
		Release|Any CPU = Release|Any CPU
	EndGlobalSection
	GlobalSection(ProjectConfigurationPlatforms) = postSolution
		{81089744-2601-4040-9200-F8F2D0180AEA}.Debug|Any CPU.ActiveCfg = Debug|Any CPU
		{81089744-2601-4040-9200-F8F2D0180AEA}.Debug|Any CPU.Build.0 = Debug|Any CPU
		{81089744-2601-4040-9200-F8F2D0180AEA}.Release|Any CPU.ActiveCfg = Release|Any CPU
		{81089744-2601-4040-9200-F8F2D0180AEA}.Release|Any CPU.Build.0 = Release|Any CPU
	EndGlobalSection
	GlobalSection(SolutionProperties) = preSolution
		HideSolutionNode = FALSE
	EndGlobalSection
	GlobalSection(ExtensibilityGlobals) = postSolution
		SolutionGuid = {A5FEFF9B-ADBF-4164-BE97-9D33975787F5}
	EndGlobalSection
EndGlobal
